
Microsoft Visual Studio Solution File, Format Version 12.00
# Visual Studio Version 17
VisualStudioVersion = 17.0.31903.59
MinimumVisualStudioVersion = 10.0.40219.1
Project("{2150E333-8FDC-42A3-9474-1A3956D46DE8}") = "src", "src", "{60FEB628-3E50-4DEF-89E9-0BD7F583DD2D}"
EndProject
Project("{FAE04EC0-301F-11D3-BF4B-00C04F79EFBC}") = "01_hello_grpc", "src\01_hello_grpc\01_hello_grpc.csproj", "{D2082781-F877-40D2-98CF-16E91DC0C116}"
EndProject
Project("{2150E333-8FDC-42A3-9474-1A3956D46DE8}") = "02_groom", "02_groom", "{35CAAF4F-C550-48FF-BFB9-E58ADB249ED9}"
EndProject
Project("{FAE04EC0-301F-11D3-BF4B-00C04F79EFBC}") = "groomserver", "src\02_groom\groomserver\groomserver.csproj", "{FE439452-185F-465B-B349-E733DB90FD70}"
EndProject
Project("{FAE04EC0-301F-11D3-BF4B-00C04F79EFBC}") = "groomclient", "src\02_groom\groomclient\groomclient.csproj", "{2C9D870B-7AA8-49D4-A239-FE29AAA19A66}"
EndProject
Project("{FAE04EC0-301F-11D3-BF4B-00C04F79EFBC}") = "newsbot", "src\02_groom\newsbot\newsbot.csproj", "{E02D832C-78F1-45AE-B688-70ACC180E3F4}"
EndProject
Project("{2150E333-8FDC-42A3-9474-1A3956D46DE8}") = "03_self_grpc", "03_self_grpc", "{1A952B1D-1CE2-4DDB-B62A-42F08A7B2465}"
EndProject
Project("{FAE04EC0-301F-11D3-BF4B-00C04F79EFBC}") = "selfgrpcservice", "src\03_self_grpc\selfgrpcservice\selfgrpcservice.csproj", "{B86869B9-8136-4FF5-B6F8-C949DE5E60C3}"
EndProject
Project("{FAE04EC0-301F-11D3-BF4B-00C04F79EFBC}") = "selfgrpcclient", "src\03_self_grpc\selfgrpcclient\selfgrpcclient.csproj", "{29DEE7E5-6589-4905-A80D-FE432E9F0F04}"
EndProject
Project("{FAE04EC0-301F-11D3-BF4B-00C04F79EFBC}") = "groomadmin", "src\02_groom\groomadmin\groomadmin.csproj", "{C69A96D8-E6EC-4D51-9E13-25FABAD9E595}"
EndProject
Global
	GlobalSection(SolutionConfigurationPlatforms) = preSolution
		Debug|Any CPU = Debug|Any CPU
		Release|Any CPU = Release|Any CPU
	EndGlobalSection
	GlobalSection(SolutionProperties) = preSolution
		HideSolutionNode = FALSE
	EndGlobalSection
	GlobalSection(ProjectConfigurationPlatforms) = postSolution
		{D2082781-F877-40D2-98CF-16E91DC0C116}.Debug|Any CPU.ActiveCfg = Debug|Any CPU
		{D2082781-F877-40D2-98CF-16E91DC0C116}.Debug|Any CPU.Build.0 = Debug|Any CPU
		{D2082781-F877-40D2-98CF-16E91DC0C116}.Release|Any CPU.ActiveCfg = Release|Any CPU
		{D2082781-F877-40D2-98CF-16E91DC0C116}.Release|Any CPU.Build.0 = Release|Any CPU
		{FE439452-185F-465B-B349-E733DB90FD70}.Debug|Any CPU.ActiveCfg = Debug|Any CPU
		{FE439452-185F-465B-B349-E733DB90FD70}.Debug|Any CPU.Build.0 = Debug|Any CPU
		{FE439452-185F-465B-B349-E733DB90FD70}.Release|Any CPU.ActiveCfg = Release|Any CPU
		{FE439452-185F-465B-B349-E733DB90FD70}.Release|Any CPU.Build.0 = Release|Any CPU
		{2C9D870B-7AA8-49D4-A239-FE29AAA19A66}.Debug|Any CPU.ActiveCfg = Debug|Any CPU
		{2C9D870B-7AA8-49D4-A239-FE29AAA19A66}.Debug|Any CPU.Build.0 = Debug|Any CPU
		{2C9D870B-7AA8-49D4-A239-FE29AAA19A66}.Release|Any CPU.ActiveCfg = Release|Any CPU
		{2C9D870B-7AA8-49D4-A239-FE29AAA19A66}.Release|Any CPU.Build.0 = Release|Any CPU
		{E02D832C-78F1-45AE-B688-70ACC180E3F4}.Debug|Any CPU.ActiveCfg = Debug|Any CPU
		{E02D832C-78F1-45AE-B688-70ACC180E3F4}.Debug|Any CPU.Build.0 = Debug|Any CPU
		{E02D832C-78F1-45AE-B688-70ACC180E3F4}.Release|Any CPU.ActiveCfg = Release|Any CPU
		{E02D832C-78F1-45AE-B688-70ACC180E3F4}.Release|Any CPU.Build.0 = Release|Any CPU
		{B86869B9-8136-4FF5-B6F8-C949DE5E60C3}.Debug|Any CPU.ActiveCfg = Debug|Any CPU
		{B86869B9-8136-4FF5-B6F8-C949DE5E60C3}.Debug|Any CPU.Build.0 = Debug|Any CPU
		{B86869B9-8136-4FF5-B6F8-C949DE5E60C3}.Release|Any CPU.ActiveCfg = Release|Any CPU
		{B86869B9-8136-4FF5-B6F8-C949DE5E60C3}.Release|Any CPU.Build.0 = Release|Any CPU
		{29DEE7E5-6589-4905-A80D-FE432E9F0F04}.Debug|Any CPU.ActiveCfg = Debug|Any CPU
		{29DEE7E5-6589-4905-A80D-FE432E9F0F04}.Debug|Any CPU.Build.0 = Debug|Any CPU
		{29DEE7E5-6589-4905-A80D-FE432E9F0F04}.Release|Any CPU.ActiveCfg = Release|Any CPU
		{29DEE7E5-6589-4905-A80D-FE432E9F0F04}.Release|Any CPU.Build.0 = Release|Any CPU
		{C69A96D8-E6EC-4D51-9E13-25FABAD9E595}.Debug|Any CPU.ActiveCfg = Debug|Any CPU
		{C69A96D8-E6EC-4D51-9E13-25FABAD9E595}.Debug|Any CPU.Build.0 = Debug|Any CPU
		{C69A96D8-E6EC-4D51-9E13-25FABAD9E595}.Release|Any CPU.ActiveCfg = Release|Any CPU
		{C69A96D8-E6EC-4D51-9E13-25FABAD9E595}.Release|Any CPU.Build.0 = Release|Any CPU
	EndGlobalSection
	GlobalSection(NestedProjects) = preSolution
		{D2082781-F877-40D2-98CF-16E91DC0C116} = {60FEB628-3E50-4DEF-89E9-0BD7F583DD2D}
		{35CAAF4F-C550-48FF-BFB9-E58ADB249ED9} = {60FEB628-3E50-4DEF-89E9-0BD7F583DD2D}
		{FE439452-185F-465B-B349-E733DB90FD70} = {35CAAF4F-C550-48FF-BFB9-E58ADB249ED9}
		{2C9D870B-7AA8-49D4-A239-FE29AAA19A66} = {35CAAF4F-C550-48FF-BFB9-E58ADB249ED9}
		{E02D832C-78F1-45AE-B688-70ACC180E3F4} = {35CAAF4F-C550-48FF-BFB9-E58ADB249ED9}
		{1A952B1D-1CE2-4DDB-B62A-42F08A7B2465} = {60FEB628-3E50-4DEF-89E9-0BD7F583DD2D}
		{B86869B9-8136-4FF5-B6F8-C949DE5E60C3} = {1A952B1D-1CE2-4DDB-B62A-42F08A7B2465}
		{29DEE7E5-6589-4905-A80D-FE432E9F0F04} = {1A952B1D-1CE2-4DDB-B62A-42F08A7B2465}
		{C69A96D8-E6EC-4D51-9E13-25FABAD9E595} = {35CAAF4F-C550-48FF-BFB9-E58ADB249ED9}
	EndGlobalSection
EndGlobal
